
Microsoft Visual Studio Solution File, Format Version 12.00
# Visual Studio 15
VisualStudioVersion = 15.0.26430.6
MinimumVisualStudioVersion = 10.0.40219.1
Project("{FAE04EC0-301F-11D3-BF4B-00C04F79EFBC}") = "InheritanceLab", "InheritanceLab\InheritanceLab.csproj", "{356DE50E-A397-407A-819F-6CF70C846A92}"
EndProject
Project("{FAE04EC0-301F-11D3-BF4B-00C04F79EFBC}") = "ReuseClasses", "ReuseClasses\ReuseClasses.csproj", "{E661B885-C2CE-44A2-8437-D68AA5C2EC1A}"
EndProject
Project("{FAE04EC0-301F-11D3-BF4B-00C04F79EFBC}") = "Stack", "Stack\Stack.csproj", "{AAC23A9A-6240-43A5-93FD-73E9F14A56F0}"
EndProject
Global
	GlobalSection(SolutionConfigurationPlatforms) = preSolution
		Debug|Any CPU = Debug|Any CPU
		Release|Any CPU = Release|Any CPU
	EndGlobalSection
	GlobalSection(ProjectConfigurationPlatforms) = postSolution
		{356DE50E-A397-407A-819F-6CF70C846A92}.Debug|Any CPU.ActiveCfg = Debug|Any CPU
		{356DE50E-A397-407A-819F-6CF70C846A92}.Debug|Any CPU.Build.0 = Debug|Any CPU
		{356DE50E-A397-407A-819F-6CF70C846A92}.Release|Any CPU.ActiveCfg = Release|Any CPU
		{356DE50E-A397-407A-819F-6CF70C846A92}.Release|Any CPU.Build.0 = Release|Any CPU
		{E661B885-C2CE-44A2-8437-D68AA5C2EC1A}.Debug|Any CPU.ActiveCfg = Debug|Any CPU
		{E661B885-C2CE-44A2-8437-D68AA5C2EC1A}.Debug|Any CPU.Build.0 = Debug|Any CPU
		{E661B885-C2CE-44A2-8437-D68AA5C2EC1A}.Release|Any CPU.ActiveCfg = Release|Any CPU
		{E661B885-C2CE-44A2-8437-D68AA5C2EC1A}.Release|Any CPU.Build.0 = Release|Any CPU
		{AAC23A9A-6240-43A5-93FD-73E9F14A56F0}.Debug|Any CPU.ActiveCfg = Debug|Any CPU
		{AAC23A9A-6240-43A5-93FD-73E9F14A56F0}.Debug|Any CPU.Build.0 = Debug|Any CPU
		{AAC23A9A-6240-43A5-93FD-73E9F14A56F0}.Release|Any CPU.ActiveCfg = Release|Any CPU
		{AAC23A9A-6240-43A5-93FD-73E9F14A56F0}.Release|Any CPU.Build.0 = Release|Any CPU
	EndGlobalSection
	GlobalSection(SolutionProperties) = preSolution
		HideSolutionNode = FALSE
	EndGlobalSection
EndGlobal
